// !$*UTF8*$!
{
	archiveVersion = 1;
	classes = {
	};
	objectVersion = 46;
	objects = {

/* Begin PBXBuildFile section */
		022F3F4E185F252400D54DBE /* LevelManager.m in Sources */ = {isa = PBXBuildFile; fileRef = 022F3F4D185F252400D54DBE /* LevelManager.m */; };
		022F3F51185F263800D54DBE /* LevelInfo.m in Sources */ = {isa = PBXBuildFile; fileRef = 022F3F50185F263800D54DBE /* LevelInfo.m */; };
		023414041878488E002F458A /* Walls.plist in Resources */ = {isa = PBXBuildFile; fileRef = 023414031878488E002F458A /* Walls.plist */; };
		023414051878488E002F458A /* Walls.plist in Resources */ = {isa = PBXBuildFile; fileRef = 023414031878488E002F458A /* Walls.plist */; };
		023414111878AA01002F458A /* LevelsViewController.m in Sources */ = {isa = PBXBuildFile; fileRef = 023414101878AA01002F458A /* LevelsViewController.m */; };
		023414131878B058002F458A /* LevelsViewController.xib in Resources */ = {isa = PBXBuildFile; fileRef = 023414121878B058002F458A /* LevelsViewController.xib */; };
		26CB1E94187D932F002D163F /* back_arrow.png in Resources */ = {isa = PBXBuildFile; fileRef = 26CB1E93187D932F002D163F /* back_arrow.png */; };
		26CB1E96187DA66F002D163F /* menu_white.png in Resources */ = {isa = PBXBuildFile; fileRef = 26CB1E95187DA66F002D163F /* menu_white.png */; };
		B547D8E3186214D400680E42 /* StartMenuViewController.m in Sources */ = {isa = PBXBuildFile; fileRef = B547D8E1186214D400680E42 /* StartMenuViewController.m */; };
		B547D8E4186214D400680E42 /* StartMenuViewController.xib in Resources */ = {isa = PBXBuildFile; fileRef = B547D8E2186214D400680E42 /* StartMenuViewController.xib */; };
		B55596D618474D1500CC3A13 /* hex_gray.png in Resources */ = {isa = PBXBuildFile; fileRef = B55596D518474D1500CC3A13 /* hex_gray.png */; };
		B55596D9184784FD00CC3A13 /* MazeObject.m in Sources */ = {isa = PBXBuildFile; fileRef = B55596D8184784FD00CC3A13 /* MazeObject.m */; };
		B5589F00185A3D65002EB496 /* hex_small_red.png in Resources */ = {isa = PBXBuildFile; fileRef = B5589EFF185A3D65002EB496 /* hex_small_red.png */; };
		B56370C8185F40A000C6D8C8 /* UILabyrinthMenu.m in Sources */ = {isa = PBXBuildFile; fileRef = B56370C7185F40A000C6D8C8 /* UILabyrinthMenu.m */; };
		B5847A55187D866F00C71E6D /* hex_darkbrown.png in Resources */ = {isa = PBXBuildFile; fileRef = B5847A54187D866F00C71E6D /* hex_darkbrown.png */; };
		B58CA7C21848FBB000C06874 /* SettingsStore.m in Sources */ = {isa = PBXBuildFile; fileRef = B58CA7C11848FBB000C06874 /* SettingsStore.m */; };
		B58CA7C41849337500C06874 /* hex_red.png in Resources */ = {isa = PBXBuildFile; fileRef = B58CA7C31849337500C06874 /* hex_red.png */; };
		B58CA7C7184BA46C00C06874 /* UIBezierView.m in Sources */ = {isa = PBXBuildFile; fileRef = B58CA7C6184BA46C00C06874 /* UIBezierView.m */; };
		B590F354185885B700BDFDE1 /* TwoFingerScrollView.m in Sources */ = {isa = PBXBuildFile; fileRef = B590F353185885B700BDFDE1 /* TwoFingerScrollView.m */; };
		B5ACF816185783CF007F58DD /* hex_empty.png in Resources */ = {isa = PBXBuildFile; fileRef = B5ACF815185783CF007F58DD /* hex_empty.png */; };
		B5ACF81918578476007F58DD /* LabyrinthEditorViewController.m in Sources */ = {isa = PBXBuildFile; fileRef = B5ACF81818578476007F58DD /* LabyrinthEditorViewController.m */; };
		B5C283B518452080005A02B1 /* NSMutableArray+QueueAdditions.m in Sources */ = {isa = PBXBuildFile; fileRef = B5C283B418452080005A02B1 /* NSMutableArray+QueueAdditions.m */; };
		B5C283B818452571005A02B1 /* MazeNode.m in Sources */ = {isa = PBXBuildFile; fileRef = B5C283B718452571005A02B1 /* MazeNode.m */; };
		B5CB8A991848633F00CB8EA2 /* UIMazeControl.m in Sources */ = {isa = PBXBuildFile; fileRef = B5CB8A981848633F00CB8EA2 /* UIMazeControl.m */; };
		B5CED23B1844BC10004BC7CE /* Foundation.framework in Frameworks */ = {isa = PBXBuildFile; fileRef = B5CED23A1844BC10004BC7CE /* Foundation.framework */; };
		B5CED23D1844BC10004BC7CE /* CoreGraphics.framework in Frameworks */ = {isa = PBXBuildFile; fileRef = B5CED23C1844BC10004BC7CE /* CoreGraphics.framework */; };
		B5CED23F1844BC10004BC7CE /* UIKit.framework in Frameworks */ = {isa = PBXBuildFile; fileRef = B5CED23E1844BC10004BC7CE /* UIKit.framework */; };
		B5CED2451844BC10004BC7CE /* InfoPlist.strings in Resources */ = {isa = PBXBuildFile; fileRef = B5CED2431844BC10004BC7CE /* InfoPlist.strings */; };
		B5CED2471844BC10004BC7CE /* main.m in Sources */ = {isa = PBXBuildFile; fileRef = B5CED2461844BC10004BC7CE /* main.m */; };
		B5CED24B1844BC10004BC7CE /* AppDelegate.m in Sources */ = {isa = PBXBuildFile; fileRef = B5CED24A1844BC10004BC7CE /* AppDelegate.m */; };
		B5CED24D1844BC10004BC7CE /* Images.xcassets in Resources */ = {isa = PBXBuildFile; fileRef = B5CED24C1844BC10004BC7CE /* Images.xcassets */; };
		B5CED2541844BC10004BC7CE /* XCTest.framework in Frameworks */ = {isa = PBXBuildFile; fileRef = B5CED2531844BC10004BC7CE /* XCTest.framework */; };
		B5CED2551844BC10004BC7CE /* Foundation.framework in Frameworks */ = {isa = PBXBuildFile; fileRef = B5CED23A1844BC10004BC7CE /* Foundation.framework */; };
		B5CED2561844BC10004BC7CE /* UIKit.framework in Frameworks */ = {isa = PBXBuildFile; fileRef = B5CED23E1844BC10004BC7CE /* UIKit.framework */; };
		B5CED25E1844BC10004BC7CE /* InfoPlist.strings in Resources */ = {isa = PBXBuildFile; fileRef = B5CED25C1844BC10004BC7CE /* InfoPlist.strings */; };
		B5CED2601844BC10004BC7CE /* LabyrinthTests.m in Sources */ = {isa = PBXBuildFile; fileRef = B5CED25F1844BC10004BC7CE /* LabyrinthTests.m */; };
		B5CED26B1844BD29004BC7CE /* LabyrinthViewController.m in Sources */ = {isa = PBXBuildFile; fileRef = B5CED26A1844BD29004BC7CE /* LabyrinthViewController.m */; };
		B5D5139F185311640085A838 /* GeometryHelper.m in Sources */ = {isa = PBXBuildFile; fileRef = B5D5139E185311640085A838 /* GeometryHelper.m */; };
		B5DDA821185F9AFB0005F0B1 /* hex_coin.png in Resources */ = {isa = PBXBuildFile; fileRef = B5DDA820185F9AFB0005F0B1 /* hex_coin.png */; };
		B5F41F7E18478BC900B36789 /* hex_brown.png in Resources */ = {isa = PBXBuildFile; fileRef = B5F41F7B18478BC900B36789 /* hex_brown.png */; };
		B5F41F7F18478BC900B36789 /* hex_petrol.png in Resources */ = {isa = PBXBuildFile; fileRef = B5F41F7C18478BC900B36789 /* hex_petrol.png */; };
		B5F41F8018478BC900B36789 /* hex_turquoise.png in Resources */ = {isa = PBXBuildFile; fileRef = B5F41F7D18478BC900B36789 /* hex_turquoise.png */; };
		B5F41F82184797FF00B36789 /* toolbar.png in Resources */ = {isa = PBXBuildFile; fileRef = B5F41F81184797FF00B36789 /* toolbar.png */; };
/* End PBXBuildFile section */

/* Begin PBXContainerItemProxy section */
		B5CED2571844BC10004BC7CE /* PBXContainerItemProxy */ = {
			isa = PBXContainerItemProxy;
			containerPortal = B5CED22F1844BC0F004BC7CE /* Project object */;
			proxyType = 1;
			remoteGlobalIDString = B5CED2361844BC10004BC7CE;
			remoteInfo = Labyrinth;
		};
/* End PBXContainerItemProxy section */

/* Begin PBXFileReference section */
		022F3F4C185F252400D54DBE /* LevelManager.h */ = {isa = PBXFileReference; fileEncoding = 4; lastKnownFileType = sourcecode.c.h; path = LevelManager.h; sourceTree = "<group>"; };
		022F3F4D185F252400D54DBE /* LevelManager.m */ = {isa = PBXFileReference; fileEncoding = 4; lastKnownFileType = sourcecode.c.objc; path = LevelManager.m; sourceTree = "<group>"; };
		022F3F4F185F263800D54DBE /* LevelInfo.h */ = {isa = PBXFileReference; fileEncoding = 4; lastKnownFileType = sourcecode.c.h; path = LevelInfo.h; sourceTree = "<group>"; };
		022F3F50185F263800D54DBE /* LevelInfo.m */ = {isa = PBXFileReference; fileEncoding = 4; lastKnownFileType = sourcecode.c.objc; path = LevelInfo.m; sourceTree = "<group>"; };
		023414031878488E002F458A /* Walls.plist */ = {isa = PBXFileReference; fileEncoding = 4; lastKnownFileType = text.plist.xml; path = Walls.plist; sourceTree = "<group>"; };
		0234140F1878AA01002F458A /* LevelsViewController.h */ = {isa = PBXFileReference; fileEncoding = 4; lastKnownFileType = sourcecode.c.h; name = LevelsViewController.h; path = ../LevelsViewController.h; sourceTree = "<group>"; };
		023414101878AA01002F458A /* LevelsViewController.m */ = {isa = PBXFileReference; fileEncoding = 4; lastKnownFileType = sourcecode.c.objc; name = LevelsViewController.m; path = ../LevelsViewController.m; sourceTree = "<group>"; };
		023414121878B058002F458A /* LevelsViewController.xib */ = {isa = PBXFileReference; fileEncoding = 4; lastKnownFileType = file.xib; path = LevelsViewController.xib; sourceTree = "<group>"; };
		26CB1E93187D932F002D163F /* back_arrow.png */ = {isa = PBXFileReference; lastKnownFileType = image.png; path = back_arrow.png; sourceTree = "<group>"; };
		26CB1E95187DA66F002D163F /* menu_white.png */ = {isa = PBXFileReference; lastKnownFileType = image.png; path = menu_white.png; sourceTree = "<group>"; };
		B547D8E0186214D400680E42 /* StartMenuViewController.h */ = {isa = PBXFileReference; fileEncoding = 4; lastKnownFileType = sourcecode.c.h; path = StartMenuViewController.h; sourceTree = "<group>"; };
		B547D8E1186214D400680E42 /* StartMenuViewController.m */ = {isa = PBXFileReference; fileEncoding = 4; lastKnownFileType = sourcecode.c.objc; path = StartMenuViewController.m; sourceTree = "<group>"; };
		B547D8E2186214D400680E42 /* StartMenuViewController.xib */ = {isa = PBXFileReference; fileEncoding = 4; lastKnownFileType = file.xib; path = StartMenuViewController.xib; sourceTree = "<group>"; };
		B55596D518474D1500CC3A13 /* hex_gray.png */ = {isa = PBXFileReference; lastKnownFileType = image.png; path = hex_gray.png; sourceTree = "<group>"; };
		B55596D7184784FD00CC3A13 /* MazeObject.h */ = {isa = PBXFileReference; fileEncoding = 4; lastKnownFileType = sourcecode.c.h; path = MazeObject.h; sourceTree = "<group>"; };
		B55596D8184784FD00CC3A13 /* MazeObject.m */ = {isa = PBXFileReference; fileEncoding = 4; lastKnownFileType = sourcecode.c.objc; path = MazeObject.m; sourceTree = "<group>"; };
		B5589EFF185A3D65002EB496 /* hex_small_red.png */ = {isa = PBXFileReference; lastKnownFileType = image.png; path = hex_small_red.png; sourceTree = "<group>"; };
		B56370C6185F40A000C6D8C8 /* UILabyrinthMenu.h */ = {isa = PBXFileReference; fileEncoding = 4; lastKnownFileType = sourcecode.c.h; path = UILabyrinthMenu.h; sourceTree = "<group>"; };
		B56370C7185F40A000C6D8C8 /* UILabyrinthMenu.m */ = {isa = PBXFileReference; fileEncoding = 4; lastKnownFileType = sourcecode.c.objc; path = UILabyrinthMenu.m; sourceTree = "<group>"; };
		B5847A54187D866F00C71E6D /* hex_darkbrown.png */ = {isa = PBXFileReference; lastKnownFileType = image.png; path = hex_darkbrown.png; sourceTree = "<group>"; };
		B58CA7C01848FBB000C06874 /* SettingsStore.h */ = {isa = PBXFileReference; fileEncoding = 4; lastKnownFileType = sourcecode.c.h; path = SettingsStore.h; sourceTree = "<group>"; };
		B58CA7C11848FBB000C06874 /* SettingsStore.m */ = {isa = PBXFileReference; fileEncoding = 4; lastKnownFileType = sourcecode.c.objc; path = SettingsStore.m; sourceTree = "<group>"; };
		B58CA7C31849337500C06874 /* hex_red.png */ = {isa = PBXFileReference; lastKnownFileType = image.png; path = hex_red.png; sourceTree = "<group>"; };
		B58CA7C5184BA46C00C06874 /* UIBezierView.h */ = {isa = PBXFileReference; fileEncoding = 4; lastKnownFileType = sourcecode.c.h; path = UIBezierView.h; sourceTree = "<group>"; };
		B58CA7C6184BA46C00C06874 /* UIBezierView.m */ = {isa = PBXFileReference; fileEncoding = 4; lastKnownFileType = sourcecode.c.objc; path = UIBezierView.m; sourceTree = "<group>"; };
		B590F352185885B700BDFDE1 /* TwoFingerScrollView.h */ = {isa = PBXFileReference; fileEncoding = 4; lastKnownFileType = sourcecode.c.h; path = TwoFingerScrollView.h; sourceTree = "<group>"; };
		B590F353185885B700BDFDE1 /* TwoFingerScrollView.m */ = {isa = PBXFileReference; fileEncoding = 4; lastKnownFileType = sourcecode.c.objc; path = TwoFingerScrollView.m; sourceTree = "<group>"; };
		B5ACF815185783CF007F58DD /* hex_empty.png */ = {isa = PBXFileReference; lastKnownFileType = image.png; path = hex_empty.png; sourceTree = "<group>"; };
		B5ACF81718578476007F58DD /* LabyrinthEditorViewController.h */ = {isa = PBXFileReference; fileEncoding = 4; lastKnownFileType = sourcecode.c.h; path = LabyrinthEditorViewController.h; sourceTree = "<group>"; };
		B5ACF81818578476007F58DD /* LabyrinthEditorViewController.m */ = {isa = PBXFileReference; fileEncoding = 4; lastKnownFileType = sourcecode.c.objc; path = LabyrinthEditorViewController.m; sourceTree = "<group>"; };
		B5C283B318452068005A02B1 /* NSMutableArray+QueueAdditions.h */ = {isa = PBXFileReference; fileEncoding = 4; lastKnownFileType = sourcecode.c.h; path = "NSMutableArray+QueueAdditions.h"; sourceTree = "<group>"; };
		B5C283B418452080005A02B1 /* NSMutableArray+QueueAdditions.m */ = {isa = PBXFileReference; fileEncoding = 4; lastKnownFileType = sourcecode.c.objc; path = "NSMutableArray+QueueAdditions.m"; sourceTree = "<group>"; };
		B5C283B618452571005A02B1 /* MazeNode.h */ = {isa = PBXFileReference; fileEncoding = 4; lastKnownFileType = sourcecode.c.h; path = MazeNode.h; sourceTree = "<group>"; };
		B5C283B718452571005A02B1 /* MazeNode.m */ = {isa = PBXFileReference; fileEncoding = 4; lastKnownFileType = sourcecode.c.objc; path = MazeNode.m; sourceTree = "<group>"; };
		B5CB8A971848633F00CB8EA2 /* UIMazeControl.h */ = {isa = PBXFileReference; fileEncoding = 4; lastKnownFileType = sourcecode.c.h; path = UIMazeControl.h; sourceTree = "<group>"; };
		B5CB8A981848633F00CB8EA2 /* UIMazeControl.m */ = {isa = PBXFileReference; fileEncoding = 4; lastKnownFileType = sourcecode.c.objc; path = UIMazeControl.m; sourceTree = "<group>"; };
		B5CED2371844BC10004BC7CE /* Labyrinth.app */ = {isa = PBXFileReference; explicitFileType = wrapper.application; includeInIndex = 0; path = Labyrinth.app; sourceTree = BUILT_PRODUCTS_DIR; };
		B5CED23A1844BC10004BC7CE /* Foundation.framework */ = {isa = PBXFileReference; lastKnownFileType = wrapper.framework; name = Foundation.framework; path = System/Library/Frameworks/Foundation.framework; sourceTree = SDKROOT; };
		B5CED23C1844BC10004BC7CE /* CoreGraphics.framework */ = {isa = PBXFileReference; lastKnownFileType = wrapper.framework; name = CoreGraphics.framework; path = System/Library/Frameworks/CoreGraphics.framework; sourceTree = SDKROOT; };
		B5CED23E1844BC10004BC7CE /* UIKit.framework */ = {isa = PBXFileReference; lastKnownFileType = wrapper.framework; name = UIKit.framework; path = System/Library/Frameworks/UIKit.framework; sourceTree = SDKROOT; };
		B5CED2421844BC10004BC7CE /* Labyrinth-Info.plist */ = {isa = PBXFileReference; lastKnownFileType = text.plist.xml; path = "Labyrinth-Info.plist"; sourceTree = "<group>"; };
		B5CED2441844BC10004BC7CE /* en */ = {isa = PBXFileReference; lastKnownFileType = text.plist.strings; name = en; path = en.lproj/InfoPlist.strings; sourceTree = "<group>"; };
		B5CED2461844BC10004BC7CE /* main.m */ = {isa = PBXFileReference; lastKnownFileType = sourcecode.c.objc; path = main.m; sourceTree = "<group>"; };
		B5CED2481844BC10004BC7CE /* Labyrinth-Prefix.pch */ = {isa = PBXFileReference; lastKnownFileType = sourcecode.c.h; path = "Labyrinth-Prefix.pch"; sourceTree = "<group>"; };
		B5CED2491844BC10004BC7CE /* AppDelegate.h */ = {isa = PBXFileReference; lastKnownFileType = sourcecode.c.h; path = AppDelegate.h; sourceTree = "<group>"; };
		B5CED24A1844BC10004BC7CE /* AppDelegate.m */ = {isa = PBXFileReference; lastKnownFileType = sourcecode.c.objc; path = AppDelegate.m; sourceTree = "<group>"; };
		B5CED24C1844BC10004BC7CE /* Images.xcassets */ = {isa = PBXFileReference; lastKnownFileType = folder.assetcatalog; path = Images.xcassets; sourceTree = "<group>"; };
		B5CED2521844BC10004BC7CE /* LabyrinthTests.xctest */ = {isa = PBXFileReference; explicitFileType = wrapper.cfbundle; includeInIndex = 0; path = LabyrinthTests.xctest; sourceTree = BUILT_PRODUCTS_DIR; };
		B5CED2531844BC10004BC7CE /* XCTest.framework */ = {isa = PBXFileReference; lastKnownFileType = wrapper.framework; name = XCTest.framework; path = Library/Frameworks/XCTest.framework; sourceTree = DEVELOPER_DIR; };
		B5CED25B1844BC10004BC7CE /* LabyrinthTests-Info.plist */ = {isa = PBXFileReference; lastKnownFileType = text.plist.xml; path = "LabyrinthTests-Info.plist"; sourceTree = "<group>"; };
		B5CED25D1844BC10004BC7CE /* en */ = {isa = PBXFileReference; lastKnownFileType = text.plist.strings; name = en; path = en.lproj/InfoPlist.strings; sourceTree = "<group>"; };
		B5CED25F1844BC10004BC7CE /* LabyrinthTests.m */ = {isa = PBXFileReference; lastKnownFileType = sourcecode.c.objc; path = LabyrinthTests.m; sourceTree = "<group>"; };
		B5CED2691844BD29004BC7CE /* LabyrinthViewController.h */ = {isa = PBXFileReference; fileEncoding = 4; lastKnownFileType = sourcecode.c.h; path = LabyrinthViewController.h; sourceTree = "<group>"; };
		B5CED26A1844BD29004BC7CE /* LabyrinthViewController.m */ = {isa = PBXFileReference; fileEncoding = 4; lastKnownFileType = sourcecode.c.objc; path = LabyrinthViewController.m; sourceTree = "<group>"; };
		B5D5139D185311640085A838 /* GeometryHelper.h */ = {isa = PBXFileReference; fileEncoding = 4; lastKnownFileType = sourcecode.c.h; path = GeometryHelper.h; sourceTree = "<group>"; };
		B5D5139E185311640085A838 /* GeometryHelper.m */ = {isa = PBXFileReference; fileEncoding = 4; lastKnownFileType = sourcecode.c.objc; path = GeometryHelper.m; sourceTree = "<group>"; };
		B5DDA820185F9AFB0005F0B1 /* hex_coin.png */ = {isa = PBXFileReference; lastKnownFileType = image.png; path = hex_coin.png; sourceTree = "<group>"; };
		B5F41F7B18478BC900B36789 /* hex_brown.png */ = {isa = PBXFileReference; lastKnownFileType = image.png; path = hex_brown.png; sourceTree = "<group>"; };
		B5F41F7C18478BC900B36789 /* hex_petrol.png */ = {isa = PBXFileReference; lastKnownFileType = image.png; path = hex_petrol.png; sourceTree = "<group>"; };
		B5F41F7D18478BC900B36789 /* hex_turquoise.png */ = {isa = PBXFileReference; lastKnownFileType = image.png; path = hex_turquoise.png; sourceTree = "<group>"; };
		B5F41F81184797FF00B36789 /* toolbar.png */ = {isa = PBXFileReference; lastKnownFileType = image.png; path = toolbar.png; sourceTree = "<group>"; };
/* End PBXFileReference section */

/* Begin PBXFrameworksBuildPhase section */
		B5CED2341844BC10004BC7CE /* Frameworks */ = {
			isa = PBXFrameworksBuildPhase;
			buildActionMask = 2147483647;
			files = (
				B5CED23D1844BC10004BC7CE /* CoreGraphics.framework in Frameworks */,
				B5CED23F1844BC10004BC7CE /* UIKit.framework in Frameworks */,
				B5CED23B1844BC10004BC7CE /* Foundation.framework in Frameworks */,
			);
			runOnlyForDeploymentPostprocessing = 0;
		};
		B5CED24F1844BC10004BC7CE /* Frameworks */ = {
			isa = PBXFrameworksBuildPhase;
			buildActionMask = 2147483647;
			files = (
				B5CED2541844BC10004BC7CE /* XCTest.framework in Frameworks */,
				B5CED2561844BC10004BC7CE /* UIKit.framework in Frameworks */,
				B5CED2551844BC10004BC7CE /* Foundation.framework in Frameworks */,
			);
			runOnlyForDeploymentPostprocessing = 0;
		};
/* End PBXFrameworksBuildPhase section */

/* Begin PBXGroup section */
		B5CED22E1844BC0F004BC7CE = {
			isa = PBXGroup;
			children = (
				B5CED2401844BC10004BC7CE /* Labyrinth */,
				B5CED2591844BC10004BC7CE /* LabyrinthTests */,
				B5CED2391844BC10004BC7CE /* Frameworks */,
				B5CED2381844BC10004BC7CE /* Products */,
			);
			sourceTree = "<group>";
		};
		B5CED2381844BC10004BC7CE /* Products */ = {
			isa = PBXGroup;
			children = (
				B5CED2371844BC10004BC7CE /* Labyrinth.app */,
				B5CED2521844BC10004BC7CE /* LabyrinthTests.xctest */,
			);
			name = Products;
			sourceTree = "<group>";
		};
		B5CED2391844BC10004BC7CE /* Frameworks */ = {
			isa = PBXGroup;
			children = (
				B5CED23A1844BC10004BC7CE /* Foundation.framework */,
				B5CED23C1844BC10004BC7CE /* CoreGraphics.framework */,
				B5CED23E1844BC10004BC7CE /* UIKit.framework */,
				B5CED2531844BC10004BC7CE /* XCTest.framework */,
			);
			name = Frameworks;
			sourceTree = "<group>";
		};
		B5CED2401844BC10004BC7CE /* Labyrinth */ = {
			isa = PBXGroup;
			children = (
				B5CED2491844BC10004BC7CE /* AppDelegate.h */,
				B5CED24A1844BC10004BC7CE /* AppDelegate.m */,
				B547D8E0186214D400680E42 /* StartMenuViewController.h */,
				B547D8E1186214D400680E42 /* StartMenuViewController.m */,
				B547D8E2186214D400680E42 /* StartMenuViewController.xib */,
				B5CED2691844BD29004BC7CE /* LabyrinthViewController.h */,
				B5CED26A1844BD29004BC7CE /* LabyrinthViewController.m */,
				0234140F1878AA01002F458A /* LevelsViewController.h */,
				023414101878AA01002F458A /* LevelsViewController.m */,
				023414121878B058002F458A /* LevelsViewController.xib */,
				B5ACF81718578476007F58DD /* LabyrinthEditorViewController.h */,
				B5ACF81818578476007F58DD /* LabyrinthEditorViewController.m */,
				022F3F4F185F263800D54DBE /* LevelInfo.h */,
				022F3F50185F263800D54DBE /* LevelInfo.m */,
				022F3F4C185F252400D54DBE /* LevelManager.h */,
				022F3F4D185F252400D54DBE /* LevelManager.m */,
				B56370C6185F40A000C6D8C8 /* UILabyrinthMenu.h */,
				B56370C7185F40A000C6D8C8 /* UILabyrinthMenu.m */,
				B5C283B318452068005A02B1 /* NSMutableArray+QueueAdditions.h */,
				B5C283B418452080005A02B1 /* NSMutableArray+QueueAdditions.m */,
				B5C283B618452571005A02B1 /* MazeNode.h */,
				B5C283B718452571005A02B1 /* MazeNode.m */,
				B55596D7184784FD00CC3A13 /* MazeObject.h */,
				B55596D8184784FD00CC3A13 /* MazeObject.m */,
				B5CB8A971848633F00CB8EA2 /* UIMazeControl.h */,
				B5CB8A981848633F00CB8EA2 /* UIMazeControl.m */,
				B58CA7C5184BA46C00C06874 /* UIBezierView.h */,
				B58CA7C6184BA46C00C06874 /* UIBezierView.m */,
				B590F352185885B700BDFDE1 /* TwoFingerScrollView.h */,
				B590F353185885B700BDFDE1 /* TwoFingerScrollView.m */,
				26CB1E95187DA66F002D163F /* menu_white.png */,
				B5F41F81184797FF00B36789 /* toolbar.png */,
				B5847A54187D866F00C71E6D /* hex_darkbrown.png */,
				B5DDA820185F9AFB0005F0B1 /* hex_coin.png */,
				B5589EFF185A3D65002EB496 /* hex_small_red.png */,
				B5ACF815185783CF007F58DD /* hex_empty.png */,
				B58CA7C31849337500C06874 /* hex_red.png */,
				B5F41F7B18478BC900B36789 /* hex_brown.png */,
				B5F41F7C18478BC900B36789 /* hex_petrol.png */,
				B5F41F7D18478BC900B36789 /* hex_turquoise.png */,
				B55596D518474D1500CC3A13 /* hex_gray.png */,
				B5CED24C1844BC10004BC7CE /* Images.xcassets */,
				B5CED2411844BC10004BC7CE /* Supporting Files */,
				B58CA7C01848FBB000C06874 /* SettingsStore.h */,
				B58CA7C11848FBB000C06874 /* SettingsStore.m */,
				B5D5139D185311640085A838 /* GeometryHelper.h */,
				B5D5139E185311640085A838 /* GeometryHelper.m */,
			);
			path = Labyrinth;
			sourceTree = "<group>";
		};
		B5CED2411844BC10004BC7CE /* Supporting Files */ = {
			isa = PBXGroup;
			children = (
				26CB1E93187D932F002D163F /* back_arrow.png */,
				B5CED2421844BC10004BC7CE /* Labyrinth-Info.plist */,
				B5CED2431844BC10004BC7CE /* InfoPlist.strings */,
				B5CED2461844BC10004BC7CE /* main.m */,
				B5CED2481844BC10004BC7CE /* Labyrinth-Prefix.pch */,
			);
			name = "Supporting Files";
			sourceTree = "<group>";
		};
		B5CED2591844BC10004BC7CE /* LabyrinthTests */ = {
			isa = PBXGroup;
			children = (
				B5CED25F1844BC10004BC7CE /* LabyrinthTests.m */,
				B5CED25A1844BC10004BC7CE /* Supporting Files */,
			);
			path = LabyrinthTests;
			sourceTree = "<group>";
		};
		B5CED25A1844BC10004BC7CE /* Supporting Files */ = {
			isa = PBXGroup;
			children = (
				B5CED25B1844BC10004BC7CE /* LabyrinthTests-Info.plist */,
				B5CED25C1844BC10004BC7CE /* InfoPlist.strings */,
				023414031878488E002F458A /* Walls.plist */,
			);
			name = "Supporting Files";
			sourceTree = "<group>";
		};
/* End PBXGroup section */

/* Begin PBXNativeTarget section */
		B5CED2361844BC10004BC7CE /* Labyrinth */ = {
			isa = PBXNativeTarget;
			buildConfigurationList = B5CED2631844BC10004BC7CE /* Build configuration list for PBXNativeTarget "Labyrinth" */;
			buildPhases = (
				B5CED2331844BC10004BC7CE /* Sources */,
				B5CED2341844BC10004BC7CE /* Frameworks */,
				B5CED2351844BC10004BC7CE /* Resources */,
			);
			buildRules = (
			);
			dependencies = (
			);
			name = Labyrinth;
			productName = Labyrinth;
			productReference = B5CED2371844BC10004BC7CE /* Labyrinth.app */;
			productType = "com.apple.product-type.application";
		};
		B5CED2511844BC10004BC7CE /* LabyrinthTests */ = {
			isa = PBXNativeTarget;
			buildConfigurationList = B5CED2661844BC10004BC7CE /* Build configuration list for PBXNativeTarget "LabyrinthTests" */;
			buildPhases = (
				B5CED24E1844BC10004BC7CE /* Sources */,
				B5CED24F1844BC10004BC7CE /* Frameworks */,
				B5CED2501844BC10004BC7CE /* Resources */,
			);
			buildRules = (
			);
			dependencies = (
				B5CED2581844BC10004BC7CE /* PBXTargetDependency */,
			);
			name = LabyrinthTests;
			productName = LabyrinthTests;
			productReference = B5CED2521844BC10004BC7CE /* LabyrinthTests.xctest */;
			productType = "com.apple.product-type.bundle.unit-test";
		};
/* End PBXNativeTarget section */

/* Begin PBXProject section */
		B5CED22F1844BC0F004BC7CE /* Project object */ = {
			isa = PBXProject;
			attributes = {
				LastUpgradeCheck = 0500;
				ORGANIZATIONNAME = "Benjamin Otto";
				TargetAttributes = {
					B5CED2511844BC10004BC7CE = {
						TestTargetID = B5CED2361844BC10004BC7CE;
					};
				};
			};
			buildConfigurationList = B5CED2321844BC0F004BC7CE /* Build configuration list for PBXProject "Labyrinth" */;
			compatibilityVersion = "Xcode 3.2";
			developmentRegion = English;
			hasScannedForEncodings = 0;
			knownRegions = (
				en,
			);
			mainGroup = B5CED22E1844BC0F004BC7CE;
			productRefGroup = B5CED2381844BC10004BC7CE /* Products */;
			projectDirPath = "";
			projectRoot = "";
			targets = (
				B5CED2361844BC10004BC7CE /* Labyrinth */,
				B5CED2511844BC10004BC7CE /* LabyrinthTests */,
			);
		};
/* End PBXProject section */

/* Begin PBXResourcesBuildPhase section */
		B5CED2351844BC10004BC7CE /* Resources */ = {
			isa = PBXResourcesBuildPhase;
			buildActionMask = 2147483647;
			files = (
				B5F41F7F18478BC900B36789 /* hex_petrol.png in Resources */,
				B5F41F7E18478BC900B36789 /* hex_brown.png in Resources */,
				B55596D618474D1500CC3A13 /* hex_gray.png in Resources */,
				B5F41F82184797FF00B36789 /* toolbar.png in Resources */,
				023414131878B058002F458A /* LevelsViewController.xib in Resources */,
				B5CED2451844BC10004BC7CE /* InfoPlist.strings in Resources */,
				26CB1E96187DA66F002D163F /* menu_white.png in Resources */,
				B5DDA821185F9AFB0005F0B1 /* hex_coin.png in Resources */,
				26CB1E94187D932F002D163F /* back_arrow.png in Resources */,
				B58CA7C41849337500C06874 /* hex_red.png in Resources */,
				B5CED24D1844BC10004BC7CE /* Images.xcassets in Resources */,
				B5589F00185A3D65002EB496 /* hex_small_red.png in Resources */,
				B5ACF816185783CF007F58DD /* hex_empty.png in Resources */,
				023414041878488E002F458A /* Walls.plist in Resources */,
				B5847A55187D866F00C71E6D /* hex_darkbrown.png in Resources */,
				B547D8E4186214D400680E42 /* StartMenuViewController.xib in Resources */,
				B5F41F8018478BC900B36789 /* hex_turquoise.png in Resources */,
			);
			runOnlyForDeploymentPostprocessing = 0;
		};
		B5CED2501844BC10004BC7CE /* Resources */ = {
			isa = PBXResourcesBuildPhase;
			buildActionMask = 2147483647;
			files = (
				023414051878488E002F458A /* Walls.plist in Resources */,
				B5CED25E1844BC10004BC7CE /* InfoPlist.strings in Resources */,
			);
			runOnlyForDeploymentPostprocessing = 0;
		};
/* End PBXResourcesBuildPhase section */

/* Begin PBXSourcesBuildPhase section */
		B5CED2331844BC10004BC7CE /* Sources */ = {
			isa = PBXSourcesBuildPhase;
			buildActionMask = 2147483647;
			files = (
				B547D8E3186214D400680E42 /* StartMenuViewController.m in Sources */,
				B58CA7C21848FBB000C06874 /* SettingsStore.m in Sources */,
				B5D5139F185311640085A838 /* GeometryHelper.m in Sources */,
				B5ACF81918578476007F58DD /* LabyrinthEditorViewController.m in Sources */,
				B56370C8185F40A000C6D8C8 /* UILabyrinthMenu.m in Sources */,
				B590F354185885B700BDFDE1 /* TwoFingerScrollView.m in Sources */,
				B5CED26B1844BD29004BC7CE /* LabyrinthViewController.m in Sources */,
				B55596D9184784FD00CC3A13 /* MazeObject.m in Sources */,
				B5CED24B1844BC10004BC7CE /* AppDelegate.m in Sources */,
				B5CED2471844BC10004BC7CE /* main.m in Sources */,
				022F3F51185F263800D54DBE /* LevelInfo.m in Sources */,
				B5C283B518452080005A02B1 /* NSMutableArray+QueueAdditions.m in Sources */,
				022F3F4E185F252400D54DBE /* LevelManager.m in Sources */,
				023414111878AA01002F458A /* LevelsViewController.m in Sources */,
				B5C283B818452571005A02B1 /* MazeNode.m in Sources */,
				B5CB8A991848633F00CB8EA2 /* UIMazeControl.m in Sources */,
				B58CA7C7184BA46C00C06874 /* UIBezierView.m in Sources */,
			);
			runOnlyForDeploymentPostprocessing = 0;
		};
		B5CED24E1844BC10004BC7CE /* Sources */ = {
			isa = PBXSourcesBuildPhase;
			buildActionMask = 2147483647;
			files = (
				B5CED2601844BC10004BC7CE /* LabyrinthTests.m in Sources */,
			);
			runOnlyForDeploymentPostprocessing = 0;
		};
/* End PBXSourcesBuildPhase section */

/* Begin PBXTargetDependency section */
		B5CED2581844BC10004BC7CE /* PBXTargetDependency */ = {
			isa = PBXTargetDependency;
			target = B5CED2361844BC10004BC7CE /* Labyrinth */;
			targetProxy = B5CED2571844BC10004BC7CE /* PBXContainerItemProxy */;
		};
/* End PBXTargetDependency section */

/* Begin PBXVariantGroup section */
		B5CED2431844BC10004BC7CE /* InfoPlist.strings */ = {
			isa = PBXVariantGroup;
			children = (
				B5CED2441844BC10004BC7CE /* en */,
			);
			name = InfoPlist.strings;
			sourceTree = "<group>";
		};
		B5CED25C1844BC10004BC7CE /* InfoPlist.strings */ = {
			isa = PBXVariantGroup;
			children = (
				B5CED25D1844BC10004BC7CE /* en */,
			);
			name = InfoPlist.strings;
			sourceTree = "<group>";
		};
/* End PBXVariantGroup section */

/* Begin XCBuildConfiguration section */
		B5CED2611844BC10004BC7CE /* Debug */ = {
			isa = XCBuildConfiguration;
			buildSettings = {
				ALWAYS_SEARCH_USER_PATHS = NO;
				ARCHS = "$(ARCHS_STANDARD_INCLUDING_64_BIT)";
				CLANG_CXX_LANGUAGE_STANDARD = "gnu++0x";
				CLANG_CXX_LIBRARY = "libc++";
				CLANG_ENABLE_MODULES = YES;
				CLANG_ENABLE_OBJC_ARC = YES;
				CLANG_WARN_BOOL_CONVERSION = YES;
				CLANG_WARN_CONSTANT_CONVERSION = YES;
				CLANG_WARN_DIRECT_OBJC_ISA_USAGE = YES_ERROR;
				CLANG_WARN_EMPTY_BODY = YES;
				CLANG_WARN_ENUM_CONVERSION = YES;
				CLANG_WARN_INT_CONVERSION = YES;
				CLANG_WARN_OBJC_ROOT_CLASS = YES_ERROR;
				CLANG_WARN__DUPLICATE_METHOD_MATCH = YES;
				"CODE_SIGN_IDENTITY[sdk=iphoneos*]" = "iPhone Developer";
				COPY_PHASE_STRIP = NO;
				GCC_C_LANGUAGE_STANDARD = gnu99;
				GCC_DYNAMIC_NO_PIC = NO;
				GCC_OPTIMIZATION_LEVEL = 0;
				GCC_PREPROCESSOR_DEFINITIONS = (
					"DEBUG=1",
					"$(inherited)",
				);
				GCC_SYMBOLS_PRIVATE_EXTERN = NO;
				GCC_WARN_64_TO_32_BIT_CONVERSION = YES;
				GCC_WARN_ABOUT_RETURN_TYPE = YES_ERROR;
				GCC_WARN_UNDECLARED_SELECTOR = YES;
				GCC_WARN_UNINITIALIZED_AUTOS = YES;
				GCC_WARN_UNUSED_FUNCTION = YES;
				GCC_WARN_UNUSED_VARIABLE = YES;
				IPHONEOS_DEPLOYMENT_TARGET = 7.0;
				ONLY_ACTIVE_ARCH = YES;
				SDKROOT = iphoneos;
			};
			name = Debug;
		};
		B5CED2621844BC10004BC7CE /* Release */ = {
			isa = XCBuildConfiguration;
			buildSettings = {
				ALWAYS_SEARCH_USER_PATHS = NO;
				ARCHS = "$(ARCHS_STANDARD_INCLUDING_64_BIT)";
				CLANG_CXX_LANGUAGE_STANDARD = "gnu++0x";
				CLANG_CXX_LIBRARY = "libc++";
				CLANG_ENABLE_MODULES = YES;
				CLANG_ENABLE_OBJC_ARC = YES;
				CLANG_WARN_BOOL_CONVERSION = YES;
				CLANG_WARN_CONSTANT_CONVERSION = YES;
				CLANG_WARN_DIRECT_OBJC_ISA_USAGE = YES_ERROR;
				CLANG_WARN_EMPTY_BODY = YES;
				CLANG_WARN_ENUM_CONVERSION = YES;
				CLANG_WARN_INT_CONVERSION = YES;
				CLANG_WARN_OBJC_ROOT_CLASS = YES_ERROR;
				CLANG_WARN__DUPLICATE_METHOD_MATCH = YES;
				"CODE_SIGN_IDENTITY[sdk=iphoneos*]" = "iPhone Developer";
				COPY_PHASE_STRIP = YES;
				ENABLE_NS_ASSERTIONS = NO;
				GCC_C_LANGUAGE_STANDARD = gnu99;
				GCC_WARN_64_TO_32_BIT_CONVERSION = YES;
				GCC_WARN_ABOUT_RETURN_TYPE = YES_ERROR;
				GCC_WARN_UNDECLARED_SELECTOR = YES;
				GCC_WARN_UNINITIALIZED_AUTOS = YES;
				GCC_WARN_UNUSED_FUNCTION = YES;
				GCC_WARN_UNUSED_VARIABLE = YES;
				IPHONEOS_DEPLOYMENT_TARGET = 7.0;
				SDKROOT = iphoneos;
				VALIDATE_PRODUCT = YES;
			};
			name = Release;
		};
		B5CED2641844BC10004BC7CE /* Debug */ = {
			isa = XCBuildConfiguration;
			buildSettings = {
				ASSETCATALOG_COMPILER_APPICON_NAME = AppIcon;
				ASSETCATALOG_COMPILER_LAUNCHIMAGE_NAME = LaunchImage;
				GCC_PRECOMPILE_PREFIX_HEADER = YES;
				GCC_PREFIX_HEADER = "Labyrinth/Labyrinth-Prefix.pch";
				INFOPLIST_FILE = "Labyrinth/Labyrinth-Info.plist";
				PRODUCT_NAME = "$(TARGET_NAME)";
				WRAPPER_EXTENSION = app;
			};
			name = Debug;
		};
		B5CED2651844BC10004BC7CE /* Release */ = {
			isa = XCBuildConfiguration;
			buildSettings = {
				ASSETCATALOG_COMPILER_APPICON_NAME = AppIcon;
				ASSETCATALOG_COMPILER_LAUNCHIMAGE_NAME = LaunchImage;
				GCC_PRECOMPILE_PREFIX_HEADER = YES;
				GCC_PREFIX_HEADER = "Labyrinth/Labyrinth-Prefix.pch";
				INFOPLIST_FILE = "Labyrinth/Labyrinth-Info.plist";
				PRODUCT_NAME = "$(TARGET_NAME)";
				WRAPPER_EXTENSION = app;
			};
			name = Release;
		};
		B5CED2671844BC10004BC7CE /* Debug */ = {
			isa = XCBuildConfiguration;
			buildSettings = {
				ARCHS = "$(ARCHS_STANDARD_INCLUDING_64_BIT)";
				BUNDLE_LOADER = "$(BUILT_PRODUCTS_DIR)/Labyrinth.app/Labyrinth";
				FRAMEWORK_SEARCH_PATHS = (
					"$(SDKROOT)/Developer/Library/Frameworks",
					"$(inherited)",
					"$(DEVELOPER_FRAMEWORKS_DIR)",
				);
				GCC_PRECOMPILE_PREFIX_HEADER = YES;
				GCC_PREFIX_HEADER = "Labyrinth/Labyrinth-Prefix.pch";
				GCC_PREPROCESSOR_DEFINITIONS = (
					"DEBUG=1",
					"$(inherited)",
				);
				INFOPLIST_FILE = "LabyrinthTests/LabyrinthTests-Info.plist";
				PRODUCT_NAME = "$(TARGET_NAME)";
				TEST_HOST = "$(BUNDLE_LOADER)";
				WRAPPER_EXTENSION = xctest;
			};
			name = Debug;
		};
		B5CED2681844BC10004BC7CE /* Release */ = {
			isa = XCBuildConfiguration;
			buildSettings = {
				ARCHS = "$(ARCHS_STANDARD_INCLUDING_64_BIT)";
				BUNDLE_LOADER = "$(BUILT_PRODUCTS_DIR)/Labyrinth.app/Labyrinth";
				FRAMEWORK_SEARCH_PATHS = (
					"$(SDKROOT)/Developer/Library/Frameworks",
					"$(inherited)",
					"$(DEVELOPER_FRAMEWORKS_DIR)",
				);
				GCC_PRECOMPILE_PREFIX_HEADER = YES;
				GCC_PREFIX_HEADER = "Labyrinth/Labyrinth-Prefix.pch";
				INFOPLIST_FILE = "LabyrinthTests/LabyrinthTests-Info.plist";
				PRODUCT_NAME = "$(TARGET_NAME)";
				TEST_HOST = "$(BUNDLE_LOADER)";
				WRAPPER_EXTENSION = xctest;
			};
			name = Release;
		};
/* End XCBuildConfiguration section */

/* Begin XCConfigurationList section */
		B5CED2321844BC0F004BC7CE /* Build configuration list for PBXProject "Labyrinth" */ = {
			isa = XCConfigurationList;
			buildConfigurations = (
				B5CED2611844BC10004BC7CE /* Debug */,
				B5CED2621844BC10004BC7CE /* Release */,
			);
			defaultConfigurationIsVisible = 0;
			defaultConfigurationName = Release;
		};
		B5CED2631844BC10004BC7CE /* Build configuration list for PBXNativeTarget "Labyrinth" */ = {
			isa = XCConfigurationList;
			buildConfigurations = (
				B5CED2641844BC10004BC7CE /* Debug */,
				B5CED2651844BC10004BC7CE /* Release */,
			);
			defaultConfigurationIsVisible = 0;
			defaultConfigurationName = Release;
		};
		B5CED2661844BC10004BC7CE /* Build configuration list for PBXNativeTarget "LabyrinthTests" */ = {
			isa = XCConfigurationList;
			buildConfigurations = (
				B5CED2671844BC10004BC7CE /* Debug */,
				B5CED2681844BC10004BC7CE /* Release */,
			);
			defaultConfigurationIsVisible = 0;
			defaultConfigurationName = Release;
		};
/* End XCConfigurationList section */
	};
	rootObject = B5CED22F1844BC0F004BC7CE /* Project object */;
}
